// !$*UTF8*$!
{
	archiveVersion = 1;
	classes = {
	};
	objectVersion = 56;
	objects = {

/* Begin PBXBuildFile section */
		C222AC072C387D190024340C /* UberCloneApp.swift in Sources */ = {isa = PBXBuildFile; fileRef = C222AC062C387D190024340C /* UberCloneApp.swift */; };
		C222AC0B2C387D1A0024340C /* Assets.xcassets in Resources */ = {isa = PBXBuildFile; fileRef = C222AC0A2C387D1A0024340C /* Assets.xcassets */; };
		C222AC0E2C387D1A0024340C /* Preview Assets.xcassets in Resources */ = {isa = PBXBuildFile; fileRef = C222AC0D2C387D1A0024340C /* Preview Assets.xcassets */; };
		C222AC1C2C387F290024340C /* HomeView.swift in Sources */ = {isa = PBXBuildFile; fileRef = C222AC1B2C387F290024340C /* HomeView.swift */; };
		C222AC1E2C387FCE0024340C /* MapViewRepresentative.swift in Sources */ = {isa = PBXBuildFile; fileRef = C222AC1D2C387FCE0024340C /* MapViewRepresentative.swift */; };
		C222AC202C38827A0024340C /* LocationManager.swift in Sources */ = {isa = PBXBuildFile; fileRef = C222AC1F2C38827A0024340C /* LocationManager.swift */; };
		C222AC262C3C8B950024340C /* LocationSearchActivationView.swift in Sources */ = {isa = PBXBuildFile; fileRef = C222AC252C3C8B950024340C /* LocationSearchActivationView.swift */; };
		C222AC282C3C93EF0024340C /* MapActionButton.swift in Sources */ = {isa = PBXBuildFile; fileRef = C222AC272C3C93EF0024340C /* MapActionButton.swift */; };
		C222AC2A2C3C9AD90024340C /* LocationSearchView.swift in Sources */ = {isa = PBXBuildFile; fileRef = C222AC292C3C9AD90024340C /* LocationSearchView.swift */; };
		C222AC2C2C3F312E0024340C /* LocationSearchResultCell.swift in Sources */ = {isa = PBXBuildFile; fileRef = C222AC2B2C3F312E0024340C /* LocationSearchResultCell.swift */; };
/* End PBXBuildFile section */

/* Begin PBXFileReference section */
		C222AC032C387D190024340C /* UberClone.app */ = {isa = PBXFileReference; explicitFileType = wrapper.application; includeInIndex = 0; path = UberClone.app; sourceTree = BUILT_PRODUCTS_DIR; };
		C222AC062C387D190024340C /* UberCloneApp.swift */ = {isa = PBXFileReference; lastKnownFileType = sourcecode.swift; path = UberCloneApp.swift; sourceTree = "<group>"; };
		C222AC0A2C387D1A0024340C /* Assets.xcassets */ = {isa = PBXFileReference; lastKnownFileType = folder.assetcatalog; path = Assets.xcassets; sourceTree = "<group>"; };
		C222AC0D2C387D1A0024340C /* Preview Assets.xcassets */ = {isa = PBXFileReference; lastKnownFileType = folder.assetcatalog; path = "Preview Assets.xcassets"; sourceTree = "<group>"; };
		C222AC1B2C387F290024340C /* HomeView.swift */ = {isa = PBXFileReference; lastKnownFileType = sourcecode.swift; path = HomeView.swift; sourceTree = "<group>"; };
		C222AC1D2C387FCE0024340C /* MapViewRepresentative.swift */ = {isa = PBXFileReference; lastKnownFileType = sourcecode.swift; path = MapViewRepresentative.swift; sourceTree = "<group>"; };
		C222AC1F2C38827A0024340C /* LocationManager.swift */ = {isa = PBXFileReference; lastKnownFileType = sourcecode.swift; path = LocationManager.swift; sourceTree = "<group>"; };
		C222AC252C3C8B950024340C /* LocationSearchActivationView.swift */ = {isa = PBXFileReference; lastKnownFileType = sourcecode.swift; path = LocationSearchActivationView.swift; sourceTree = "<group>"; };
		C222AC272C3C93EF0024340C /* MapActionButton.swift */ = {isa = PBXFileReference; lastKnownFileType = sourcecode.swift; path = MapActionButton.swift; sourceTree = "<group>"; };
		C222AC292C3C9AD90024340C /* LocationSearchView.swift */ = {isa = PBXFileReference; lastKnownFileType = sourcecode.swift; path = LocationSearchView.swift; sourceTree = "<group>"; };
		C222AC2B2C3F312E0024340C /* LocationSearchResultCell.swift */ = {isa = PBXFileReference; lastKnownFileType = sourcecode.swift; path = LocationSearchResultCell.swift; sourceTree = "<group>"; };
/* End PBXFileReference section */

/* Begin PBXFrameworksBuildPhase section */
		C222AC002C387D190024340C /* Frameworks */ = {
			isa = PBXFrameworksBuildPhase;
			buildActionMask = 2147483647;
			files = (
			);
			runOnlyForDeploymentPostprocessing = 0;
		};
/* End PBXFrameworksBuildPhase section */

/* Begin PBXGroup section */
		C222ABFA2C387D190024340C = {
			isa = PBXGroup;
			children = (
				C222AC052C387D190024340C /* UberClone */,
				C222AC042C387D190024340C /* Products */,
			);
			sourceTree = "<group>";
		};
		C222AC042C387D190024340C /* Products */ = {
			isa = PBXGroup;
			children = (
				C222AC032C387D190024340C /* UberClone.app */,
			);
			name = Products;
			sourceTree = "<group>";
		};
		C222AC052C387D190024340C /* UberClone */ = {
			isa = PBXGroup;
			children = (
				C222AC142C387E9C0024340C /* App */,
				C222AC152C387EB40024340C /* Core */,
				C222AC162C387EBF0024340C /* Extensios */,
				C222AC172C387ED10024340C /* Managers */,
				C222AC182C387EDC0024340C /* Models */,
				C222AC0A2C387D1A0024340C /* Assets.xcassets */,
				C222AC0C2C387D1A0024340C /* Preview Content */,
			);
			path = UberClone;
			sourceTree = "<group>";
		};
		C222AC0C2C387D1A0024340C /* Preview Content */ = {
			isa = PBXGroup;
			children = (
				C222AC0D2C387D1A0024340C /* Preview Assets.xcassets */,
			);
			path = "Preview Content";
			sourceTree = "<group>";
		};
		C222AC142C387E9C0024340C /* App */ = {
			isa = PBXGroup;
			children = (
				C222AC062C387D190024340C /* UberCloneApp.swift */,
			);
			path = App;
			sourceTree = "<group>";
		};
		C222AC152C387EB40024340C /* Core */ = {
			isa = PBXGroup;
			children = (
				C222AC222C3C8B260024340C /* Home */,
				C222AC212C3C8AFB0024340C /* LocationSearch */,
			);
			path = Core;
			sourceTree = "<group>";
		};
		C222AC162C387EBF0024340C /* Extensios */ = {
			isa = PBXGroup;
			children = (
			);
			path = Extensios;
			sourceTree = "<group>";
		};
		C222AC172C387ED10024340C /* Managers */ = {
			isa = PBXGroup;
			children = (
				C222AC1F2C38827A0024340C /* LocationManager.swift */,
			);
			path = Managers;
			sourceTree = "<group>";
		};
		C222AC182C387EDC0024340C /* Models */ = {
			isa = PBXGroup;
			children = (
			);
			path = Models;
			sourceTree = "<group>";
		};
		C222AC192C387F160024340C /* ViewModels */ = {
			isa = PBXGroup;
			children = (
			);
			path = ViewModels;
			sourceTree = "<group>";
		};
		C222AC1A2C387F1E0024340C /* Views */ = {
			isa = PBXGroup;
			children = (
				C222AC1B2C387F290024340C /* HomeView.swift */,
				C222AC1D2C387FCE0024340C /* MapViewRepresentative.swift */,
			);
			path = Views;
			sourceTree = "<group>";
		};
		C222AC212C3C8AFB0024340C /* LocationSearch */ = {
			isa = PBXGroup;
			children = (
				C222AC242C3C8B730024340C /* ViewModel */,
				C222AC232C3C8B680024340C /* Views */,
			);
			path = LocationSearch;
			sourceTree = "<group>";
		};
		C222AC222C3C8B260024340C /* Home */ = {
			isa = PBXGroup;
			children = (
				C222AC192C387F160024340C /* ViewModels */,
				C222AC1A2C387F1E0024340C /* Views */,
			);
			path = Home;
			sourceTree = "<group>";
		};
		C222AC232C3C8B680024340C /* Views */ = {
			isa = PBXGroup;
			children = (
				C222AC252C3C8B950024340C /* LocationSearchActivationView.swift */,
				C222AC272C3C93EF0024340C /* MapActionButton.swift */,
				C222AC292C3C9AD90024340C /* LocationSearchView.swift */,
				C222AC2B2C3F312E0024340C /* LocationSearchResultCell.swift */,
			);
			path = Views;
			sourceTree = "<group>";
		};
		C222AC242C3C8B730024340C /* ViewModel */ = {
			isa = PBXGroup;
			children = (
			);
			path = ViewModel;
			sourceTree = "<group>";
		};
/* End PBXGroup section */

/* Begin PBXNativeTarget section */
		C222AC022C387D190024340C /* UberClone */ = {
			isa = PBXNativeTarget;
			buildConfigurationList = C222AC112C387D1A0024340C /* Build configuration list for PBXNativeTarget "UberClone" */;
			buildPhases = (
				C222ABFF2C387D190024340C /* Sources */,
				C222AC002C387D190024340C /* Frameworks */,
				C222AC012C387D190024340C /* Resources */,
			);
			buildRules = (
			);
			dependencies = (
			);
			name = UberClone;
			productName = UberClone;
			productReference = C222AC032C387D190024340C /* UberClone.app */;
			productType = "com.apple.product-type.application";
		};
/* End PBXNativeTarget section */

/* Begin PBXProject section */
		C222ABFB2C387D190024340C /* Project object */ = {
			isa = PBXProject;
			attributes = {
				BuildIndependentTargetsInParallel = 1;
				LastSwiftUpdateCheck = 1540;
				LastUpgradeCheck = 1540;
				TargetAttributes = {
					C222AC022C387D190024340C = {
						CreatedOnToolsVersion = 15.4;
					};
				};
			};
			buildConfigurationList = C222ABFE2C387D190024340C /* Build configuration list for PBXProject "UberClone" */;
			compatibilityVersion = "Xcode 14.0";
			developmentRegion = en;
			hasScannedForEncodings = 0;
			knownRegions = (
				en,
				Base,
			);
			mainGroup = C222ABFA2C387D190024340C;
			productRefGroup = C222AC042C387D190024340C /* Products */;
			projectDirPath = "";
			projectRoot = "";
			targets = (
				C222AC022C387D190024340C /* UberClone */,
			);
		};
/* End PBXProject section */

/* Begin PBXResourcesBuildPhase section */
		C222AC012C387D190024340C /* Resources */ = {
			isa = PBXResourcesBuildPhase;
			buildActionMask = 2147483647;
			files = (
				C222AC0E2C387D1A0024340C /* Preview Assets.xcassets in Resources */,
				C222AC0B2C387D1A0024340C /* Assets.xcassets in Resources */,
			);
			runOnlyForDeploymentPostprocessing = 0;
		};
/* End PBXResourcesBuildPhase section */

/* Begin PBXSourcesBuildPhase section */
		C222ABFF2C387D190024340C /* Sources */ = {
			isa = PBXSourcesBuildPhase;
			buildActionMask = 2147483647;
			files = (
				C222AC2A2C3C9AD90024340C /* LocationSearchView.swift in Sources */,
				C222AC202C38827A0024340C /* LocationManager.swift in Sources */,
				C222AC072C387D190024340C /* UberCloneApp.swift in Sources */,
				C222AC282C3C93EF0024340C /* MapActionButton.swift in Sources */,
				C222AC1C2C387F290024340C /* HomeView.swift in Sources */,
				C222AC1E2C387FCE0024340C /* MapViewRepresentative.swift in Sources */,
				C222AC262C3C8B950024340C /* LocationSearchActivationView.swift in Sources */,
				C222AC2C2C3F312E0024340C /* LocationSearchResultCell.swift in Sources */,
			);
			runOnlyForDeploymentPostprocessing = 0;
		};
/* End PBXSourcesBuildPhase section */

/* Begin XCBuildConfiguration section */
		C222AC0F2C387D1A0024340C /* Debug */ = {
			isa = XCBuildConfiguration;
			buildSettings = {
				ALWAYS_SEARCH_USER_PATHS = NO;
				ASSETCATALOG_COMPILER_GENERATE_SWIFT_ASSET_SYMBOL_EXTENSIONS = YES;
				CLANG_ANALYZER_NONNULL = YES;
				CLANG_ANALYZER_NUMBER_OBJECT_CONVERSION = YES_AGGRESSIVE;
				CLANG_CXX_LANGUAGE_STANDARD = "gnu++20";
				CLANG_ENABLE_MODULES = YES;
				CLANG_ENABLE_OBJC_ARC = YES;
				CLANG_ENABLE_OBJC_WEAK = YES;
				CLANG_WARN_BLOCK_CAPTURE_AUTORELEASING = YES;
				CLANG_WARN_BOOL_CONVERSION = YES;
				CLANG_WARN_COMMA = YES;
				CLANG_WARN_CONSTANT_CONVERSION = YES;
				CLANG_WARN_DEPRECATED_OBJC_IMPLEMENTATIONS = YES;
				CLANG_WARN_DIRECT_OBJC_ISA_USAGE = YES_ERROR;
				CLANG_WARN_DOCUMENTATION_COMMENTS = YES;
				CLANG_WARN_EMPTY_BODY = YES;
				CLANG_WARN_ENUM_CONVERSION = YES;
				CLANG_WARN_INFINITE_RECURSION = YES;
				CLANG_WARN_INT_CONVERSION = YES;
				CLANG_WARN_NON_LITERAL_NULL_CONVERSION = YES;
				CLANG_WARN_OBJC_IMPLICIT_RETAIN_SELF = YES;
				CLANG_WARN_OBJC_LITERAL_CONVERSION = YES;
				CLANG_WARN_OBJC_ROOT_CLASS = YES_ERROR;
				CLANG_WARN_QUOTED_INCLUDE_IN_FRAMEWORK_HEADER = YES;
				CLANG_WARN_RANGE_LOOP_ANALYSIS = YES;
				CLANG_WARN_STRICT_PROTOTYPES = YES;
				CLANG_WARN_SUSPICIOUS_MOVE = YES;
				CLANG_WARN_UNGUARDED_AVAILABILITY = YES_AGGRESSIVE;
				CLANG_WARN_UNREACHABLE_CODE = YES;
				CLANG_WARN__DUPLICATE_METHOD_MATCH = YES;
				COPY_PHASE_STRIP = NO;
				DEBUG_INFORMATION_FORMAT = dwarf;
				ENABLE_STRICT_OBJC_MSGSEND = YES;
				ENABLE_TESTABILITY = YES;
				ENABLE_USER_SCRIPT_SANDBOXING = YES;
				GCC_C_LANGUAGE_STANDARD = gnu17;
				GCC_DYNAMIC_NO_PIC = NO;
				GCC_NO_COMMON_BLOCKS = YES;
				GCC_OPTIMIZATION_LEVEL = 0;
				GCC_PREPROCESSOR_DEFINITIONS = (
					"DEBUG=1",
					"$(inherited)",
				);
				GCC_WARN_64_TO_32_BIT_CONVERSION = YES;
				GCC_WARN_ABOUT_RETURN_TYPE = YES_ERROR;
				GCC_WARN_UNDECLARED_SELECTOR = YES;
				GCC_WARN_UNINITIALIZED_AUTOS = YES_AGGRESSIVE;
				GCC_WARN_UNUSED_FUNCTION = YES;
				GCC_WARN_UNUSED_VARIABLE = YES;
				IPHONEOS_DEPLOYMENT_TARGET = 17.5;
				LOCALIZATION_PREFERS_STRING_CATALOGS = YES;
				MTL_ENABLE_DEBUG_INFO = INCLUDE_SOURCE;
				MTL_FAST_MATH = YES;
				ONLY_ACTIVE_ARCH = YES;
				SDKROOT = iphoneos;
				SWIFT_ACTIVE_COMPILATION_CONDITIONS = "DEBUG $(inherited)";
				SWIFT_OPTIMIZATION_LEVEL = "-Onone";
			};
			name = Debug;
		};
		C222AC102C387D1A0024340C /* Release */ = {
			isa = XCBuildConfiguration;
			buildSettings = {
				ALWAYS_SEARCH_USER_PATHS = NO;
				ASSETCATALOG_COMPILER_GENERATE_SWIFT_ASSET_SYMBOL_EXTENSIONS = YES;
				CLANG_ANALYZER_NONNULL = YES;
				CLANG_ANALYZER_NUMBER_OBJECT_CONVERSION = YES_AGGRESSIVE;
				CLANG_CXX_LANGUAGE_STANDARD = "gnu++20";
				CLANG_ENABLE_MODULES = YES;
				CLANG_ENABLE_OBJC_ARC = YES;
				CLANG_ENABLE_OBJC_WEAK = YES;
				CLANG_WARN_BLOCK_CAPTURE_AUTORELEASING = YES;
				CLANG_WARN_BOOL_CONVERSION = YES;
				CLANG_WARN_COMMA = YES;
				CLANG_WARN_CONSTANT_CONVERSION = YES;
				CLANG_WARN_DEPRECATED_OBJC_IMPLEMENTATIONS = YES;
				CLANG_WARN_DIRECT_OBJC_ISA_USAGE = YES_ERROR;
				CLANG_WARN_DOCUMENTATION_COMMENTS = YES;
				CLANG_WARN_EMPTY_BODY = YES;
				CLANG_WARN_ENUM_CONVERSION = YES;
				CLANG_WARN_INFINITE_RECURSION = YES;
				CLANG_WARN_INT_CONVERSION = YES;
				CLANG_WARN_NON_LITERAL_NULL_CONVERSION = YES;
				CLANG_WARN_OBJC_IMPLICIT_RETAIN_SELF = YES;
				CLANG_WARN_OBJC_LITERAL_CONVERSION = YES;
				CLANG_WARN_OBJC_ROOT_CLASS = YES_ERROR;
				CLANG_WARN_QUOTED_INCLUDE_IN_FRAMEWORK_HEADER = YES;
				CLANG_WARN_RANGE_LOOP_ANALYSIS = YES;
				CLANG_WARN_STRICT_PROTOTYPES = YES;
				CLANG_WARN_SUSPICIOUS_MOVE = YES;
				CLANG_WARN_UNGUARDED_AVAILABILITY = YES_AGGRESSIVE;
				CLANG_WARN_UNREACHABLE_CODE = YES;
				CLANG_WARN__DUPLICATE_METHOD_MATCH = YES;
				COPY_PHASE_STRIP = NO;
				DEBUG_INFORMATION_FORMAT = "dwarf-with-dsym";
				ENABLE_NS_ASSERTIONS = NO;
				ENABLE_STRICT_OBJC_MSGSEND = YES;
				ENABLE_USER_SCRIPT_SANDBOXING = YES;
				GCC_C_LANGUAGE_STANDARD = gnu17;
				GCC_NO_COMMON_BLOCKS = YES;
				GCC_WARN_64_TO_32_BIT_CONVERSION = YES;
				GCC_WARN_ABOUT_RETURN_TYPE = YES_ERROR;
				GCC_WARN_UNDECLARED_SELECTOR = YES;
				GCC_WARN_UNINITIALIZED_AUTOS = YES_AGGRESSIVE;
				GCC_WARN_UNUSED_FUNCTION = YES;
				GCC_WARN_UNUSED_VARIABLE = YES;
				IPHONEOS_DEPLOYMENT_TARGET = 17.5;
				LOCALIZATION_PREFERS_STRING_CATALOGS = YES;
				MTL_ENABLE_DEBUG_INFO = NO;
				MTL_FAST_MATH = YES;
				SDKROOT = iphoneos;
				SWIFT_COMPILATION_MODE = wholemodule;
				VALIDATE_PRODUCT = YES;
			};
			name = Release;
		};
		C222AC122C387D1A0024340C /* Debug */ = {
			isa = XCBuildConfiguration;
			buildSettings = {
				ASSETCATALOG_COMPILER_APPICON_NAME = AppIcon;
				ASSETCATALOG_COMPILER_GLOBAL_ACCENT_COLOR_NAME = AccentColor;
				CODE_SIGN_STYLE = Automatic;
				CURRENT_PROJECT_VERSION = 1;
				DEVELOPMENT_ASSET_PATHS = "\"UberClone/Preview Content\"";
				DEVELOPMENT_TEAM = Z28MDHV9K2;
				ENABLE_PREVIEWS = YES;
				GENERATE_INFOPLIST_FILE = YES;
				INFOPLIST_KEY_NSLocationWhenInUseUsageDescription = "Allow your location to work better";
				INFOPLIST_KEY_UIApplicationSceneManifest_Generation = YES;
				INFOPLIST_KEY_UIApplicationSupportsIndirectInputEvents = YES;
				INFOPLIST_KEY_UILaunchScreen_Generation = YES;
				INFOPLIST_KEY_UISupportedInterfaceOrientations_iPad = "UIInterfaceOrientationPortrait UIInterfaceOrientationPortraitUpsideDown UIInterfaceOrientationLandscapeLeft UIInterfaceOrientationLandscapeRight";
				INFOPLIST_KEY_UISupportedInterfaceOrientations_iPhone = "UIInterfaceOrientationPortrait UIInterfaceOrientationLandscapeLeft UIInterfaceOrientationLandscapeRight";
				LD_RUNPATH_SEARCH_PATHS = (
					"$(inherited)",
					"@executable_path/Frameworks",
				);
				MARKETING_VERSION = 1.0;
				PRODUCT_BUNDLE_IDENTIFIER = com.tutorial.youtube.UberClone;
				PRODUCT_NAME = "$(TARGET_NAME)";
				SWIFT_EMIT_LOC_STRINGS = YES;
				SWIFT_VERSION = 5.0;
				TARGETED_DEVICE_FAMILY = "1,2";
			};
			name = Debug;
		};
		C222AC132C387D1A0024340C /* Release */ = {
			isa = XCBuildConfiguration;
			buildSettings = {
				ASSETCATALOG_COMPILER_APPICON_NAME = AppIcon;
				ASSETCATALOG_COMPILER_GLOBAL_ACCENT_COLOR_NAME = AccentColor;
				CODE_SIGN_STYLE = Automatic;
				CURRENT_PROJECT_VERSION = 1;
				DEVELOPMENT_ASSET_PATHS = "\"UberClone/Preview Content\"";
				DEVELOPMENT_TEAM = Z28MDHV9K2;
				ENABLE_PREVIEWS = YES;
				GENERATE_INFOPLIST_FILE = YES;
				INFOPLIST_KEY_NSLocationWhenInUseUsageDescription = "Allow your location to work better";
				INFOPLIST_KEY_UIApplicationSceneManifest_Generation = YES;
				INFOPLIST_KEY_UIApplicationSupportsIndirectInputEvents = YES;
				INFOPLIST_KEY_UILaunchScreen_Generation = YES;
				INFOPLIST_KEY_UISupportedInterfaceOrientations_iPad = "UIInterfaceOrientationPortrait UIInterfaceOrientationPortraitUpsideDown UIInterfaceOrientationLandscapeLeft UIInterfaceOrientationLandscapeRight";
				INFOPLIST_KEY_UISupportedInterfaceOrientations_iPhone = "UIInterfaceOrientationPortrait UIInterfaceOrientationLandscapeLeft UIInterfaceOrientationLandscapeRight";
				LD_RUNPATH_SEARCH_PATHS = (
					"$(inherited)",
					"@executable_path/Frameworks",
				);
				MARKETING_VERSION = 1.0;
				PRODUCT_BUNDLE_IDENTIFIER = com.tutorial.youtube.UberClone;
				PRODUCT_NAME = "$(TARGET_NAME)";
				SWIFT_EMIT_LOC_STRINGS = YES;
				SWIFT_VERSION = 5.0;
				TARGETED_DEVICE_FAMILY = "1,2";
			};
			name = Release;
		};
/* End XCBuildConfiguration section */

/* Begin XCConfigurationList section */
		C222ABFE2C387D190024340C /* Build configuration list for PBXProject "UberClone" */ = {
			isa = XCConfigurationList;
			buildConfigurations = (
				C222AC0F2C387D1A0024340C /* Debug */,
				C222AC102C387D1A0024340C /* Release */,
			);
			defaultConfigurationIsVisible = 0;
			defaultConfigurationName = Release;
		};
		C222AC112C387D1A0024340C /* Build configuration list for PBXNativeTarget "UberClone" */ = {
			isa = XCConfigurationList;
			buildConfigurations = (
				C222AC122C387D1A0024340C /* Debug */,
				C222AC132C387D1A0024340C /* Release */,
			);
			defaultConfigurationIsVisible = 0;
			defaultConfigurationName = Release;
		};
/* End XCConfigurationList section */
	};
	rootObject = C222ABFB2C387D190024340C /* Project object */;
}
